---
lockVersion: 1.0.0
dependencies:
  codeql/controlflow:
    version: 2.0.28
  codeql/csharp-all:
    version: 5.4.9
  codeql/dataflow:
    version: 2.1.0
  codeql/mad:
    version: 1.0.44
  codeql/ssa:
    version: 2.0.20
  codeql/threat-models:
    version: 1.0.44
  codeql/tutorial:
    version: 1.0.44
  codeql/typetracking:
    version: 2.0.28
  codeql/util:
    version: 2.0.31
  codeql/xml:
    version: 1.0.44
compiled: false
