
Microsoft Visual Studio Solution File, Format Version 12.00
# Visual Studio Version 17
VisualStudioVersion = 17.0.31903.59
MinimumVisualStudioVersion = 10.0.40219.1
Project("{FAE04EC0-301F-11D3-BF4B-00C04F79EFBC}") = "Bank4Us.Core", "Bank4Us.Core\Bank4Us.Core.csproj", "{B147779D-1BDC-4760-9E8C-163C588B38EA}"
EndProject
Project("{FAE04EC0-301F-11D3-BF4B-00C04F79EFBC}") = "Bank4Us.Core.Tests", "Bank4Us.Core.Tests\Bank4Us.Core.Tests.csproj", "{8934922A-AF05-4FC8-872E-8995BB1FE6A6}"
EndProject
Global
	GlobalSection(SolutionConfigurationPlatforms) = preSolution
		Debug|Any CPU = Debug|Any CPU
		Debug|x64 = Debug|x64
		Debug|x86 = Debug|x86
		Release|Any CPU = Release|Any CPU
		Release|x64 = Release|x64
		Release|x86 = Release|x86
	EndGlobalSection
	GlobalSection(ProjectConfigurationPlatforms) = postSolution
		{B147779D-1BDC-4760-9E8C-163C588B38EA}.Debug|Any CPU.ActiveCfg = Debug|Any CPU
		{B147779D-1BDC-4760-9E8C-163C588B38EA}.Debug|Any CPU.Build.0 = Debug|Any CPU
		{B147779D-1BDC-4760-9E8C-163C588B38EA}.Debug|x64.ActiveCfg = Debug|Any CPU
		{B147779D-1BDC-4760-9E8C-163C588B38EA}.Debug|x64.Build.0 = Debug|Any CPU
		{B147779D-1BDC-4760-9E8C-163C588B38EA}.Debug|x86.ActiveCfg = Debug|Any CPU
		{B147779D-1BDC-4760-9E8C-163C588B38EA}.Debug|x86.Build.0 = Debug|Any CPU
		{B147779D-1BDC-4760-9E8C-163C588B38EA}.Release|Any CPU.ActiveCfg = Release|Any CPU
		{B147779D-1BDC-4760-9E8C-163C588B38EA}.Release|Any CPU.Build.0 = Release|Any CPU
		{B147779D-1BDC-4760-9E8C-163C588B38EA}.Release|x64.ActiveCfg = Release|Any CPU
		{B147779D-1BDC-4760-9E8C-163C588B38EA}.Release|x64.Build.0 = Release|Any CPU
		{B147779D-1BDC-4760-9E8C-163C588B38EA}.Release|x86.ActiveCfg = Release|Any CPU
		{B147779D-1BDC-4760-9E8C-163C588B38EA}.Release|x86.Build.0 = Release|Any CPU
		{8934922A-AF05-4FC8-872E-8995BB1FE6A6}.Debug|Any CPU.ActiveCfg = Debug|Any CPU
		{8934922A-AF05-4FC8-872E-8995BB1FE6A6}.Debug|Any CPU.Build.0 = Debug|Any CPU
		{8934922A-AF05-4FC8-872E-8995BB1FE6A6}.Debug|x64.ActiveCfg = Debug|Any CPU
		{8934922A-AF05-4FC8-872E-8995BB1FE6A6}.Debug|x64.Build.0 = Debug|Any CPU
		{8934922A-AF05-4FC8-872E-8995BB1FE6A6}.Debug|x86.ActiveCfg = Debug|Any CPU
		{8934922A-AF05-4FC8-872E-8995BB1FE6A6}.Debug|x86.Build.0 = Debug|Any CPU
		{8934922A-AF05-4FC8-872E-8995BB1FE6A6}.Release|Any CPU.ActiveCfg = Release|Any CPU
		{8934922A-AF05-4FC8-872E-8995BB1FE6A6}.Release|Any CPU.Build.0 = Release|Any CPU
		{8934922A-AF05-4FC8-872E-8995BB1FE6A6}.Release|x64.ActiveCfg = Release|Any CPU
		{8934922A-AF05-4FC8-872E-8995BB1FE6A6}.Release|x64.Build.0 = Release|Any CPU
		{8934922A-AF05-4FC8-872E-8995BB1FE6A6}.Release|x86.ActiveCfg = Release|Any CPU
		{8934922A-AF05-4FC8-872E-8995BB1FE6A6}.Release|x86.Build.0 = Release|Any CPU
	EndGlobalSection
	GlobalSection(SolutionProperties) = preSolution
		HideSolutionNode = FALSE
	EndGlobalSection
EndGlobal
